Microsoft Visual Studio Solution File, Format Version 12.00
# Visual Studio Version 17
VisualStudioVersion = 17.5.2.0
MinimumVisualStudioVersion = 10.0.40219.1
Project("{FAE04EC0-301F-11D3-BF4B-00C04F79EFBC}") = "Projeto_c", "Projeto_c.csproj", "{05525E45-216F-E903-70DA-4A11714A1829}"
EndProject
Global
	GlobalSection(SolutionConfigurationPlatforms) = preSolution
		Debug|Any CPU = Debug|Any CPU
		Release|Any CPU = Release|Any CPU
	EndGlobalSection
	GlobalSection(ProjectConfigurationPlatforms) = postSolution
		{05525E45-216F-E903-70DA-4A11714A1829}.Debug|Any CPU.ActiveCfg = Debug|Any CPU
		{05525E45-216F-E903-70DA-4A11714A1829}.Debug|Any CPU.Build.0 = Debug|Any CPU
		{05525E45-216F-E903-70DA-4A11714A1829}.Release|Any CPU.ActiveCfg = Release|Any CPU
		{05525E45-216F-E903-70DA-4A11714A1829}.Release|Any CPU.Build.0 = Release|Any CPU
	EndGlobalSection
	GlobalSection(SolutionProperties) = preSolution
		HideSolutionNode = FALSE
	EndGlobalSection
	GlobalSection(ExtensibilityGlobals) = postSolution
		SolutionGuid = {E01B6ED2-1621-44CC-A6D8-3F9BEC91BBF4}
	EndGlobalSection
EndGlobal
